{
    "_meta": {
        "hash": {
            "sha256": "1cb32358c354e55588cf26b8685149488d9b75ab81c1fe668ca0cdfc5e8854e9"
        },
        "pipfile-spec": 6,
        "requires": {
            "python_version": "3.8"
        },
        "sources": [
            {
                "name": "pypi",
                "url": "https://pypi.org/simple",
                "verify_ssl": true
            }
        ]
    },
    "default": {
        "aiofiles": {
            "hashes": [
                "sha256:377fdf7815cc611870c59cbd07b68b180841d2a2b79812d8c218be02448c2acb",
                "sha256:98e6bcfd1b50f97db4980e182ddd509b7cc35909e903a8fe50d8849e02d815af"
            ],
            "version": "==0.5.0"
        },
        "aniso8601": {
            "hashes": [
                "sha256:513d2b6637b7853806ae79ffaca6f3e8754bdd547048f5ccc1420aec4b714f1e",
                "sha256:d10a4bf949f619f719b227ef5386e31f49a2b6d453004b21f02661ccc8670c7b"
            ],
            "version": "==7.0.0"
        },
        "async-exit-stack": {
            "hashes": [
                "sha256:24de1ad6d0ff27be97c89d6709fa49bf20db179eaf1f4d2e6e9b4409b80e747d",
                "sha256:9b43b17683b3438f428ef3bbec20689f5abbb052aa4b564c643397330adfaa99"
            ],
            "version": "==1.0.1"
        },
        "async-generator": {
            "hashes": [
                "sha256:01c7bf666359b4967d2cda0000cc2e4af16a0ae098cbffcb8472fb9e8ad6585b",
                "sha256:6ebb3d106c12920aaae42ccb6f787ef5eefdcdd166ea3d628fa8476abe712144"
            ],
            "version": "==1.10"
        },
        "backcall": {
            "hashes": [
                "sha256:5cbdbf27be5e7cfadb448baf0aa95508f91f2bbc6c6437cd9cd06e2a4c215e1e",
                "sha256:fbbce6a29f263178a1f7915c1940bde0ec2b2a967566fe1c65c1dfb7422bd255"
            ],
            "version": "==0.2.0"
        },
        "certifi": {
            "hashes": [
                "sha256:5930595817496dd21bb8dc35dad090f1c2cd0adfaf21204bf6732ca5d8ee34d3",
                "sha256:8fc0819f1f30ba15bdb34cceffb9ef04d99f420f68eb75d901e9560b8749fc41"
            ],
            "version": "==2020.6.20"
        },
        "chardet": {
            "hashes": [
                "sha256:84ab92ed1c4d4f16916e05906b6b75a6c0fb5db821cc65e70cbd64a3e2a5eaae",
                "sha256:fc323ffcaeaed0e0a02bf4d117757b98aed530d9ed4531e3e15460124c106691"
            ],
            "version": "==3.0.4"
        },
        "click": {
            "hashes": [
                "sha256:d2b5255c7c6349bc1bd1e59e08cd12acbbd63ce649f2588755783aa94dfb6b1a",
                "sha256:dacca89f4bfadd5de3d7489b7c8a566eee0d3676333fbb50030263894c38c0dc"
            ],
            "version": "==7.1.2"
        },
        "decorator": {
            "hashes": [
                "sha256:41fa54c2a0cc4ba648be4fd43cff00aedf5b9465c9bf18d64325bc225f08f760",
                "sha256:e3a62f0520172440ca0dcc823749319382e377f37f140a0b99ef45fecb84bfe7"
            ],
            "version": "==4.4.2"
        },
        "dnspython": {
            "hashes": [
                "sha256:044af09374469c3a39eeea1a146e8cac27daec951f1f1f157b1962fc7cb9d1b7",
                "sha256:40bb3c24b9d4ec12500f0124288a65df232a3aa749bb0c39734b782873a2544d"
            ],
            "version": "==2.0.0"
        },
        "email-validator": {
            "hashes": [
                "sha256:5f246ae8d81ce3000eade06595b7bb55a4cf350d559e890182a1466a21f25067",
                "sha256:63094045c3e802c3d3d575b18b004a531c36243ca8d1cec785ff6bfcb04185bb"
            ],
            "version": "==1.1.1"
        },
        "fastapi": {
            "extras": [
                "all"
            ],
            "hashes": [
                "sha256:1ee9a49f28d510b62b3b51a9452b274853bfc9c5d4b947ed054366e2d49f9efa",
                "sha256:72f40f47e5235cb5cbbad1d4f97932ede6059290c07e12e9784028dcd1063d28"
            ],
            "index": "pypi",
            "version": "==0.54.1"
        },
        "flask": {
            "hashes": [
                "sha256:4efa1ae2d7c9865af48986de8aeb8504bf32c7f3d6fdc9353d34b21f4b127060",
                "sha256:8a4fdd8936eba2512e9c85df320a37e694c93945b33ef33c89946a340a238557"
            ],
            "index": "pypi",
            "version": "==1.1.2"
        },
        "graphene": {
            "hashes": [
                "sha256:09165f03e1591b76bf57b133482db9be6dac72c74b0a628d3c93182af9c5a896",
                "sha256:2cbe6d4ef15cfc7b7805e0760a0e5b80747161ce1b0f990dfdc0d2cf497c12f9"
            ],
            "version": "==2.1.8"
        },
        "graphql-core": {
            "hashes": [
                "sha256:44c9bac4514e5e30c5a595fac8e3c76c1975cae14db215e8174c7fe995825bad",
                "sha256:aac46a9ac524c9855910c14c48fc5d60474def7f99fd10245e76608eba7af746"
            ],
            "version": "==2.3.2"
        },
        "graphql-relay": {
            "hashes": [
                "sha256:870b6b5304123a38a0b215a79eace021acce5a466bf40cd39fa18cb8528afabb",
                "sha256:ac514cb86db9a43014d7e73511d521137ac12cf0101b2eaa5f0a3da2e10d913d"
            ],
            "version": "==2.0.1"
        },
        "h11": {
            "hashes": [
                "sha256:33d4bca7be0fa039f4e84d50ab00531047e53d6ee8ffbc83501ea602c169cae1",
                "sha256:4bc6d6a1238b7615b266ada57e0618568066f57dd6fa967d1290ec9309b2f2f1"
            ],
            "version": "==0.9.0"
        },
        "httptools": {
            "hashes": [
                "sha256:0a4b1b2012b28e68306575ad14ad5e9120b34fccd02a81eb08838d7e3bbb48be",
                "sha256:3592e854424ec94bd17dc3e0c96a64e459ec4147e6d53c0a42d0ebcef9cb9c5d",
                "sha256:41b573cf33f64a8f8f3400d0a7faf48e1888582b6f6e02b82b9bd4f0bf7497ce",
                "sha256:56b6393c6ac7abe632f2294da53f30d279130a92e8ae39d8d14ee2e1b05ad1f2",
                "sha256:86c6acd66765a934e8730bf0e9dfaac6fdcf2a4334212bd4a0a1c78f16475ca6",
                "sha256:96da81e1992be8ac2fd5597bf0283d832287e20cb3cfde8996d2b00356d4e17f",
                "sha256:96eb359252aeed57ea5c7b3d79839aaa0382c9d3149f7d24dd7172b1bcecb009",
                "sha256:a2719e1d7a84bb131c4f1e0cb79705034b48de6ae486eb5297a139d6a3296dce",
                "sha256:ac0aa11e99454b6a66989aa2d44bca41d4e0f968e395a0a8f164b401fefe359a",
                "sha256:bc3114b9edbca5a1eb7ae7db698c669eb53eb8afbbebdde116c174925260849c",
                "sha256:fa3cd71e31436911a44620473e873a256851e1f53dee56669dae403ba41756a4",
                "sha256:fea04e126014169384dee76a153d4573d90d0cbd1d12185da089f73c78390437"
            ],
            "markers": "sys_platform != 'win32' and sys_platform != 'cygwin' and platform_python_implementation != 'PyPy'",
            "version": "==0.1.1"
        },
        "idna": {
            "hashes": [
                "sha256:b307872f855b18632ce0c21c5e45be78c0ea7ae4c15c828c20788b26921eb3f6",
                "sha256:b97d804b1e9b523befed77c48dacec60e6dcb0b5391d57af6a65a312a90648c0"
            ],
            "version": "==2.10"
        },
        "ipython": {
            "hashes": [
                "sha256:5b241b84bbf0eb085d43ae9d46adf38a13b45929ca7774a740990c2c242534bb",
                "sha256:f0126781d0f959da852fb3089e170ed807388e986a8dd4e6ac44855845b0fb1c"
            ],
            "index": "pypi",
            "version": "==7.14.0"
        },
        "ipython-genutils": {
            "hashes": [
                "sha256:72dd37233799e619666c9f639a9da83c34013a73e8bbc79a7a6348d93c61fab8",
                "sha256:eb2e116e75ecef9d4d228fdc66af54269afa26ab4463042e33785b887c628ba8"
            ],
            "version": "==0.2.0"
        },
        "itsdangerous": {
            "hashes": [
                "sha256:321b033d07f2a4136d3ec762eac9f16a10ccd60f53c0c91af90217ace7ba1f19",
                "sha256:b12271b2047cb23eeb98c8b5622e2e5c5e9abd9784a153e9d8ef9cb4dd09d749"
            ],
            "version": "==1.1.0"
        },
        "jedi": {
            "hashes": [
                "sha256:86ed7d9b750603e4ba582ea8edc678657fb4007894a12bcf6f4bb97892f31d20",
                "sha256:98cc583fa0f2f8304968199b01b6b4b94f469a1f4a74c1560506ca2a211378b5"
            ],
            "version": "==0.17.2"
        },
        "jinja2": {
            "hashes": [
                "sha256:89aab215427ef59c34ad58735269eb58b1a5808103067f7bb9d5836c651b3bb0",
                "sha256:f0a4641d3cf955324a89c04f3d94663aa4d638abe8f733ecd3582848e1c37035"
            ],
            "version": "==2.11.2"
        },
        "markupsafe": {
            "hashes": [
                "sha256:00bc623926325b26bb9605ae9eae8a215691f33cae5df11ca5424f06f2d1f473",
                "sha256:09027a7803a62ca78792ad89403b1b7a73a01c8cb65909cd876f7fcebd79b161",
                "sha256:09c4b7f37d6c648cb13f9230d847adf22f8171b1ccc4d5682398e77f40309235",
                "sha256:1027c282dad077d0bae18be6794e6b6b8c91d58ed8a8d89a89d59693b9131db5",
                "sha256:13d3144e1e340870b25e7b10b98d779608c02016d5184cfb9927a9f10c689f42",
                "sha256:24982cc2533820871eba85ba648cd53d8623687ff11cbb805be4ff7b4c971aff",
                "sha256:29872e92839765e546828bb7754a68c418d927cd064fd4708fab9fe9c8bb116b",
                "sha256:43a55c2930bbc139570ac2452adf3d70cdbb3cfe5912c71cdce1c2c6bbd9c5d1",
                "sha256:46c99d2de99945ec5cb54f23c8cd5689f6d7177305ebff350a58ce5f8de1669e",
                "sha256:500d4957e52ddc3351cabf489e79c91c17f6e0899158447047588650b5e69183",
                "sha256:535f6fc4d397c1563d08b88e485c3496cf5784e927af890fb3c3aac7f933ec66",
                "sha256:596510de112c685489095da617b5bcbbac7dd6384aeebeda4df6025d0256a81b",
                "sha256:62fe6c95e3ec8a7fad637b7f3d372c15ec1caa01ab47926cfdf7a75b40e0eac1",
                "sha256:6788b695d50a51edb699cb55e35487e430fa21f1ed838122d722e0ff0ac5ba15",
                "sha256:6dd73240d2af64df90aa7c4e7481e23825ea70af4b4922f8ede5b9e35f78a3b1",
                "sha256:717ba8fe3ae9cc0006d7c451f0bb265ee07739daf76355d06366154ee68d221e",
                "sha256:79855e1c5b8da654cf486b830bd42c06e8780cea587384cf6545b7d9ac013a0b",
                "sha256:7c1699dfe0cf8ff607dbdcc1e9b9af1755371f92a68f706051cc8c37d447c905",
                "sha256:88e5fcfb52ee7b911e8bb6d6aa2fd21fbecc674eadd44118a9cc3863f938e735",
                "sha256:8defac2f2ccd6805ebf65f5eeb132adcf2ab57aa11fdf4c0dd5169a004710e7d",
                "sha256:98c7086708b163d425c67c7a91bad6e466bb99d797aa64f965e9d25c12111a5e",
                "sha256:9add70b36c5666a2ed02b43b335fe19002ee5235efd4b8a89bfcf9005bebac0d",
                "sha256:9bf40443012702a1d2070043cb6291650a0841ece432556f784f004937f0f32c",
                "sha256:ade5e387d2ad0d7ebf59146cc00c8044acbd863725f887353a10df825fc8ae21",
                "sha256:b00c1de48212e4cc9603895652c5c410df699856a2853135b3967591e4beebc2",
                "sha256:b1282f8c00509d99fef04d8ba936b156d419be841854fe901d8ae224c59f0be5",
                "sha256:b2051432115498d3562c084a49bba65d97cf251f5a331c64a12ee7e04dacc51b",
                "sha256:ba59edeaa2fc6114428f1637ffff42da1e311e29382d81b339c1817d37ec93c6",
                "sha256:c8716a48d94b06bb3b2524c2b77e055fb313aeb4ea620c8dd03a105574ba704f",
                "sha256:cd5df75523866410809ca100dc9681e301e3c27567cf498077e8551b6d20e42f",
                "sha256:cdb132fc825c38e1aeec2c8aa9338310d29d337bebbd7baa06889d09a60a1fa2",
                "sha256:e249096428b3ae81b08327a63a485ad0878de3fb939049038579ac0ef61e17e7",
                "sha256:e8313f01ba26fbbe36c7be1966a7b7424942f670f38e666995b88d012765b9be"
            ],
            "version": "==1.1.1"
        },
        "orjson": {
            "hashes": [
                "sha256:00fba178d361db5fa12787dae018c8df25207feb7eb79ec52b70259dbeab96d0",
                "sha256:0d60993e1787d6d4e2bad7aac674a66bed0012251fa45c73dfe8ef9fe0b4433a",
                "sha256:262aa8e8b47142d4d51dd7281afa51d2281480eb672183e79f2d90572f535e69",
                "sha256:28a401039e9a228ca72a0e0a1c43c80df85336ade0bf17e592e386c19ad49f47",
                "sha256:44f7344aa100c43a86716f2cf92163325792ebb8af3542f3ee084f328328207b",
                "sha256:5e80e377979909283a221a3f62add9186b3aaa1028a469d6282a4d3694e04a05",
                "sha256:5ec5d1e127fc30addfb6c1d23ecc4b82ac89f0ca808572b553bcee913eb134be",
                "sha256:64569ad07ae564ebdb712bfb199de521ce5dfa78d9459d70787cac3811f01797",
                "sha256:657415c522d04427d1ac46ee3bde525deb199bd494c2480db40f991755ee038e",
                "sha256:67136be5a6ce5ad9995f0e178851d4956e8e0175ac1e8bb80987607c6986e970",
                "sha256:67b2ed9410b426cbaa4e49a484c67225f58bc57e84a9d593006140bcd70909ae",
                "sha256:8649b36460f9ab5d2d3d4bea69cb608b0ebe9f70d7119478a59632cfe6554fd4",
                "sha256:d33524b1aab1a34b6fdc8ae7bad83e495eea5a02712dd860113223ed6fc82106",
                "sha256:d37758bc0351fee5a2b7387f61677b893b02c6b7351370afbf63ce82bd1f25cd",
                "sha256:e81c14e31b4bb48b2ba6e9a47460e8cd0406f927741491859ab3bec53f447317"
            ],
            "version": "==3.3.0"
        },
        "parso": {
            "hashes": [
                "sha256:97218d9159b2520ff45eb78028ba8b50d2bc61dcc062a9682666f2dc4bd331ea",
                "sha256:caba44724b994a8a5e086460bb212abc5a8bc46951bf4a9a1210745953622eb9"
            ],
            "version": "==0.7.1"
        },
        "pexpect": {
            "hashes": [
                "sha256:0b48a55dcb3c05f3329815901ea4fc1537514d6ba867a152b581d69ae3710937",
                "sha256:fc65a43959d153d0114afe13997d439c22823a27cefceb5ff35c2178c6784c0c"
            ],
            "markers": "sys_platform != 'win32'",
            "version": "==4.8.0"
        },
        "pickleshare": {
            "hashes": [
                "sha256:87683d47965c1da65cdacaf31c8441d12b8044cdec9aca500cd78fc2c683afca",
                "sha256:9649af414d74d4df115d5d718f82acb59c9d418196b7b4290ed47a12ce62df56"
            ],
            "version": "==0.7.5"
        },
        "promise": {
            "hashes": [
                "sha256:dfd18337c523ba4b6a58801c164c1904a9d4d1b1747c7d5dbf45b693a49d93d0"
            ],
            "version": "==2.3"
        },
        "prompt-toolkit": {
            "hashes": [
                "sha256:563d1a4140b63ff9dd587bda9557cffb2fe73650205ab6f4383092fb882e7dc8",
                "sha256:df7e9e63aea609b1da3a65641ceaf5bc7d05e0a04de5bd45d05dbeffbabf9e04"
            ],
            "version": "==3.0.5"
        },
        "ptyprocess": {
            "hashes": [
                "sha256:923f299cc5ad920c68f2bc0bc98b75b9f838b93b599941a6b63ddbc2476394c0",
                "sha256:d7cc528d76e76342423ca640335bd3633420dc1366f258cb31d05e865ef5ca1f"
            ],
            "version": "==0.6.0"
        },
        "pydantic": {
            "hashes": [
                "sha256:1783c1d927f9e1366e0e0609ae324039b2479a1a282a98ed6a6836c9ed02002c",
                "sha256:2dc946b07cf24bee4737ced0ae77e2ea6bc97489ba5a035b603bd1b40ad81f7e",
                "sha256:2de562a456c4ecdc80cf1a8c3e70c666625f7d02d89a6174ecf63754c734592e",
                "sha256:36dbf6f1be212ab37b5fda07667461a9219c956181aa5570a00edfb0acdfe4a1",
                "sha256:3fa799f3cfff3e5f536cbd389368fc96a44bb30308f258c94ee76b73bd60531d",
                "sha256:40d765fa2d31d5be8e29c1794657ad46f5ee583a565c83cea56630d3ae5878b9",
                "sha256:418b84654b60e44c0cdd5384294b0e4bc1ebf42d6e873819424f3b78b8690614",
                "sha256:4900b8820b687c9a3ed753684337979574df20e6ebe4227381d04b3c3c628f99",
                "sha256:530d7222a2786a97bc59ee0e0ebbe23728f82974b1f1ad9a11cd966143410633",
                "sha256:54122a8ed6b75fe1dd80797f8251ad2063ea348a03b77218d73ea9fe19bd4e73",
                "sha256:6c3f162ba175678218629f446a947e3356415b6b09122dcb364e58c442c645a7",
                "sha256:b49c86aecde15cde33835d5d6360e55f5e0067bb7143a8303bf03b872935c75b",
                "sha256:b5b3489cb303d0f41ad4a7390cf606a5f2c7a94dcba20c051cd1c653694cb14d",
                "sha256:cf3933c98cb5e808b62fae509f74f209730b180b1e3c3954ee3f7949e083a7df",
                "sha256:eb75dc1809875d5738df14b6566ccf9fd9c0bcde4f36b72870f318f16b9f5c20",
                "sha256:f769141ab0abfadf3305d4fcf36660e5cf568a666dd3efab7c3d4782f70946b1",
                "sha256:f8af9b840a9074e08c0e6dc93101de84ba95df89b267bf7151d74c553d66833b"
            ],
            "version": "==1.6.1"
        },
        "pygments": {
            "hashes": [
                "sha256:647344a061c249a3b74e230c739f434d7ea4d8b1d5f3721bc0f3558049b38f44",
                "sha256:ff7a40b4860b727ab48fad6360eb351cc1b33cbf9b15a0f689ca5353e9463324"
            ],
            "version": "==2.6.1"
        },
        "python-multipart": {
            "hashes": [
                "sha256:f7bb5f611fc600d15fa47b3974c8aa16e93724513b49b5f95c81e6624c83fa43"
            ],
            "version": "==0.0.5"
        },
        "pyyaml": {
            "hashes": [
                "sha256:06a0d7ba600ce0b2d2fe2e78453a470b5a6e000a985dd4a4e54e436cc36b0e97",
                "sha256:240097ff019d7c70a4922b6869d8a86407758333f02203e0fc6ff79c5dcede76",
                "sha256:4f4b913ca1a7319b33cfb1369e91e50354d6f07a135f3b901aca02aa95940bd2",
                "sha256:69f00dca373f240f842b2931fb2c7e14ddbacd1397d57157a9b005a6a9942648",
                "sha256:73f099454b799e05e5ab51423c7bcf361c58d3206fa7b0d555426b1f4d9a3eaf",
                "sha256:74809a57b329d6cc0fdccee6318f44b9b8649961fa73144a98735b0aaf029f1f",
                "sha256:7739fc0fa8205b3ee8808aea45e968bc90082c10aef6ea95e855e10abf4a37b2",
                "sha256:95f71d2af0ff4227885f7a6605c37fd53d3a106fcab511b8860ecca9fcf400ee",
                "sha256:b8eac752c5e14d3eca0e6dd9199cd627518cb5ec06add0de9d32baeee6fe645d",
                "sha256:cc8955cfbfc7a115fa81d85284ee61147059a753344bc51098f3ccd69b0d7e0c",
                "sha256:d13155f591e6fcc1ec3b30685d50bf0711574e2c0dfffd7644babf8b5102ca1a"
            ],
            "version": "==5.3.1"
        },
        "requests": {
            "hashes": [
                "sha256:b3559a131db72c33ee969480840fff4bb6dd111de7dd27c8ee1f820f4f00231b",
                "sha256:fe75cc94a9443b9246fc7049224f75604b113c36acb93f87b80ed42c44cbb898"
            ],
            "version": "==2.24.0"
        },
        "rx": {
            "hashes": [
                "sha256:13a1d8d9e252625c173dc795471e614eadfe1cf40ffc684e08b8fff0d9748c23",
                "sha256:7357592bc7e881a95e0c2013b73326f704953301ab551fbc8133a6fadab84105"
            ],
            "version": "==1.6.1"
        },
        "six": {
            "hashes": [
                "sha256:30639c035cdb23534cd4aa2dd52c3bf48f06e5f4a941509c8bafd8ce11080259",
                "sha256:8b74bedcbbbaca38ff6d7491d76f2b06b3592611af620f8426e82dddb04a5ced"
            ],
            "version": "==1.15.0"
        },
        "starlette": {
            "hashes": [
                "sha256:3c8e48e52736b3161e34c9f0e8153b4f32ec5d8995a3ee1d59410d92f75162ed",
                "sha256:7d49f4a27f8742262ef1470608c59ddbc66baf37c148e938c7038e6bc7a998aa"
            ],
            "version": "==0.14.2"
        },
        "traitlets": {
            "hashes": [
                "sha256:70b4c6a1d9019d7b4f6846832288f86998aa3b9207c6821f3578a6a6a467fe44",
                "sha256:d023ee369ddd2763310e4c3eae1ff649689440d4ae59d7485eb4cfbbe3e359f7"
            ],
            "version": "==4.3.3"
        },
        "ujson": {
            "hashes": [
                "sha256:019a17e7162f26e264f1645bb41630f7103d178c092ea4bb8f3b16126c3ea210",
                "sha256:0379ffc7484b862a292e924c15ad5f1c5306d4271e2efd162144812afb08ff97",
                "sha256:0959a5b569e192459b492b007e3fd63d8f4b4bcb4f69dcddca850a9b9dfe3e7a",
                "sha256:0e2352b60c4ac4fc75b723435faf36ef5e7f3bfb988adb4d589b5e0e6e1d90aa",
                "sha256:0f33359908df32033195bfdd59ba2bfb90a23cb280ef9a0ba11e5013a53d7fd9",
                "sha256:154f778f0b028390067aaedce8399730d4f528a16a1c214fe4eeb9c4e4f51810",
                "sha256:3bd791d17a175c1c6566aeaec1755b58e3f021fe9bb62f10f02b656b299199f5",
                "sha256:634c206f4fb3be7e4523768c636d2dd41cb9c7130e2d219ef8305b8fb6f4838e",
                "sha256:670018d4ab4b0755a7234a9f4791723abcd0506c0eed33b2ed50579c4aff31f2",
                "sha256:9c68557da3e3ad57e0105aceba0cce5f8f7cd07d207c3860e59c0b3044532830",
                "sha256:a32f2def62b10e8a19084d17d40363c4da1ac5f52d300a9e99d7efb49fe5f34a",
                "sha256:bea2958c7b5bf4f191f0def751b6f7c8b208edb5f7277e21776329f2ca042385",
                "sha256:c04d253fec814657fd9f150ef2333dbd0bc6f46208355aa753a29e0696b7fa7e",
                "sha256:c841a6450d64c24c64cbcca429bab22cdb6daef5eaddfdfebe798a5e9e5aff4c",
                "sha256:e0199849d61cc6418f94d52a314c6a27524d65e82174d2a043fb718f73d1520d",
                "sha256:f40bb0d0cb534aad3e24884cf864bda7a71eb5984bd1da61d1711bbfb3be2c38",
                "sha256:f854702a9aff3a445f4a0b715d240f2a3d84014d8ae8aad05a982c7ffab12525"
            ],
            "version": "==3.0.0"
        },
        "urllib3": {
            "hashes": [
                "sha256:91056c15fa70756691db97756772bb1eb9678fa585d9184f24534b100dc60f4a",
                "sha256:e7983572181f5e1522d9c98453462384ee92a0be7fac5f1413a1e35c56cc0461"
            ],
            "version": "==1.25.10"
        },
        "uvicorn": {
            "hashes": [
                "sha256:1d46a22cc55a52f5567e0c66f000ae56f26263e44cef59b7c885bf10f487ce6e",
                "sha256:b50f7f4c0c499c9b8d0280924cfbd24b90ba02456e3dc80934b9a786a291f09f"
            ],
            "index": "pypi",
            "version": "==0.11.7"
        },
        "uvloop": {
            "hashes": [
                "sha256:08b109f0213af392150e2fe6f81d33261bb5ce968a288eb698aad4f46eb711bd",
                "sha256:123ac9c0c7dd71464f58f1b4ee0bbd81285d96cdda8bc3519281b8973e3a461e",
                "sha256:4315d2ec3ca393dd5bc0b0089d23101276778c304d42faff5dc4579cb6caef09",
                "sha256:4544dcf77d74f3a84f03dd6278174575c44c67d7165d4c42c71db3fdc3860726",
                "sha256:afd5513c0ae414ec71d24f6f123614a80f3d27ca655a4fcf6cabe50994cc1891",
                "sha256:b4f591aa4b3fa7f32fb51e2ee9fea1b495eb75b0b3c8d0ca52514ad675ae63f7",
                "sha256:bcac356d62edd330080aed082e78d4b580ff260a677508718f88016333e2c9c5",
                "sha256:e7514d7a48c063226b7d06617cbb12a14278d4323a065a8d46a7962686ce2e95",
                "sha256:f07909cd9fc08c52d294b1570bba92186181ca01fe3dc9ffba68955273dd7362"
            ],
            "markers": "sys_platform != 'win32' and sys_platform != 'cygwin' and platform_python_implementation != 'PyPy'",
            "version": "==0.14.0"
        },
        "wcwidth": {
            "hashes": [
                "sha256:beb4802a9cebb9144e99086eff703a642a13d6a0052920003a230f3294bbe784",
                "sha256:c4d647b99872929fdb7bdcaa4fbe7f01413ed3d98077df798530e5b04f116c83"
            ],
            "version": "==0.2.5"
        },
        "websockets": {
            "hashes": [
                "sha256:0e4fb4de42701340bd2353bb2eee45314651caa6ccee80dbd5f5d5978888fed5",
                "sha256:1d3f1bf059d04a4e0eb4985a887d49195e15ebabc42364f4eb564b1d065793f5",
                "sha256:20891f0dddade307ffddf593c733a3fdb6b83e6f9eef85908113e628fa5a8308",
                "sha256:295359a2cc78736737dd88c343cd0747546b2174b5e1adc223824bcaf3e164cb",
                "sha256:2db62a9142e88535038a6bcfea70ef9447696ea77891aebb730a333a51ed559a",
                "sha256:3762791ab8b38948f0c4d281c8b2ddfa99b7e510e46bd8dfa942a5fff621068c",
                "sha256:3db87421956f1b0779a7564915875ba774295cc86e81bc671631379371af1170",
                "sha256:3ef56fcc7b1ff90de46ccd5a687bbd13a3180132268c4254fc0fa44ecf4fc422",
                "sha256:4f9f7d28ce1d8f1295717c2c25b732c2bc0645db3215cf757551c392177d7cb8",
                "sha256:5c01fd846263a75bc8a2b9542606927cfad57e7282965d96b93c387622487485",
                "sha256:5c65d2da8c6bce0fca2528f69f44b2f977e06954c8512a952222cea50dad430f",
                "sha256:751a556205d8245ff94aeef23546a1113b1dd4f6e4d102ded66c39b99c2ce6c8",
                "sha256:7ff46d441db78241f4c6c27b3868c9ae71473fe03341340d2dfdbe8d79310acc",
                "sha256:965889d9f0e2a75edd81a07592d0ced54daa5b0785f57dc429c378edbcffe779",
                "sha256:9b248ba3dd8a03b1a10b19efe7d4f7fa41d158fdaa95e2cf65af5a7b95a4f989",
                "sha256:9bef37ee224e104a413f0780e29adb3e514a5b698aabe0d969a6ba426b8435d1",
                "sha256:c1ec8db4fac31850286b7cd3b9c0e1b944204668b8eb721674916d4e28744092",
                "sha256:c8a116feafdb1f84607cb3b14aa1418424ae71fee131642fc568d21423b51824",
                "sha256:ce85b06a10fc65e6143518b96d3dca27b081a740bae261c2fb20375801a9d56d",
                "sha256:d705f8aeecdf3262379644e4b55107a3b55860eb812b673b28d0fbc347a60c55",
                "sha256:e898a0863421650f0bebac8ba40840fc02258ef4714cb7e1fd76b6a6354bda36",
                "sha256:f8a7bff6e8664afc4e6c28b983845c5bc14965030e3fb98789734d416af77c4b"
            ],
            "version": "==8.1"
        },
        "werkzeug": {
            "hashes": [
                "sha256:2de2a5db0baeae7b2d2664949077c2ac63fbd16d98da0ff71837f7d1dea3fd43",
                "sha256:6c80b1e5ad3665290ea39320b91e1be1e0d5f60652b964a3070216de83d2e47c"
            ],
            "version": "==1.0.1"
        }
    },
    "develop": {
        "attrs": {
            "hashes": [
                "sha256:08a96c641c3a74e44eb59afb61a24f2cb9f4d7188748e76ba4bb5edfa3cb7d1c",
                "sha256:f7b7ce16570fe9965acd6d30101a28f62fb4a7f9e926b3bbc9b61f8b04247e72"
            ],
            "version": "==19.3.0"
        },
        "certifi": {
            "hashes": [
                "sha256:5930595817496dd21bb8dc35dad090f1c2cd0adfaf21204bf6732ca5d8ee34d3",
                "sha256:8fc0819f1f30ba15bdb34cceffb9ef04d99f420f68eb75d901e9560b8749fc41"
            ],
            "version": "==2020.6.20"
        },
        "chardet": {
            "hashes": [
                "sha256:84ab92ed1c4d4f16916e05906b6b75a6c0fb5db821cc65e70cbd64a3e2a5eaae",
                "sha256:fc323ffcaeaed0e0a02bf4d117757b98aed530d9ed4531e3e15460124c106691"
            ],
            "version": "==3.0.4"
        },
        "codecov": {
            "hashes": [
                "sha256:09fb045eb044a619cd2b9dacd7789ae8e322cb7f18196378579fd8d883e6b665",
                "sha256:aeeefa3a03cac8a78e4f988e935b51a4689bb1f17f20d4e827807ee11135f845"
            ],
            "index": "pypi",
            "version": "==2.0.22"
        },
        "coverage": {
            "hashes": [
                "sha256:098a703d913be6fbd146a8c50cc76513d726b022d170e5e98dc56d958fd592fb",
                "sha256:16042dc7f8e632e0dcd5206a5095ebd18cb1d005f4c89694f7f8aafd96dd43a3",
                "sha256:1adb6be0dcef0cf9434619d3b892772fdb48e793300f9d762e480e043bd8e716",
                "sha256:27ca5a2bc04d68f0776f2cdcb8bbd508bbe430a7bf9c02315cd05fb1d86d0034",
                "sha256:28f42dc5172ebdc32622a2c3f7ead1b836cdbf253569ae5673f499e35db0bac3",
                "sha256:2fcc8b58953d74d199a1a4d633df8146f0ac36c4e720b4a1997e9b6327af43a8",
                "sha256:304fbe451698373dc6653772c72c5d5e883a4aadaf20343592a7abb2e643dae0",
                "sha256:30bc103587e0d3df9e52cd9da1dd915265a22fad0b72afe54daf840c984b564f",
                "sha256:40f70f81be4d34f8d491e55936904db5c527b0711b2a46513641a5729783c2e4",
                "sha256:4186fc95c9febeab5681bc3248553d5ec8c2999b8424d4fc3a39c9cba5796962",
                "sha256:46794c815e56f1431c66d81943fa90721bb858375fb36e5903697d5eef88627d",
                "sha256:4869ab1c1ed33953bb2433ce7b894a28d724b7aa76c19b11e2878034a4e4680b",
                "sha256:4f6428b55d2916a69f8d6453e48a505c07b2245653b0aa9f0dee38785939f5e4",
                "sha256:52f185ffd3291196dc1aae506b42e178a592b0b60a8610b108e6ad892cfc1bb3",
                "sha256:538f2fd5eb64366f37c97fdb3077d665fa946d2b6d95447622292f38407f9258",
                "sha256:64c4f340338c68c463f1b56e3f2f0423f7b17ba6c3febae80b81f0e093077f59",
                "sha256:675192fca634f0df69af3493a48224f211f8db4e84452b08d5fcebb9167adb01",
                "sha256:700997b77cfab016533b3e7dbc03b71d33ee4df1d79f2463a318ca0263fc29dd",
                "sha256:8505e614c983834239f865da2dd336dcf9d72776b951d5dfa5ac36b987726e1b",
                "sha256:962c44070c281d86398aeb8f64e1bf37816a4dfc6f4c0f114756b14fc575621d",
                "sha256:9e536783a5acee79a9b308be97d3952b662748c4037b6a24cbb339dc7ed8eb89",
                "sha256:9ea749fd447ce7fb1ac71f7616371f04054d969d412d37611716721931e36efd",
                "sha256:a34cb28e0747ea15e82d13e14de606747e9e484fb28d63c999483f5d5188e89b",
                "sha256:a3ee9c793ffefe2944d3a2bd928a0e436cd0ac2d9e3723152d6fd5398838ce7d",
                "sha256:aab75d99f3f2874733946a7648ce87a50019eb90baef931698f96b76b6769a46",
                "sha256:b1ed2bdb27b4c9fc87058a1cb751c4df8752002143ed393899edb82b131e0546",
                "sha256:b360d8fd88d2bad01cb953d81fd2edd4be539df7bfec41e8753fe9f4456a5082",
                "sha256:b8f58c7db64d8f27078cbf2a4391af6aa4e4767cc08b37555c4ae064b8558d9b",
                "sha256:c1bbb628ed5192124889b51204de27c575b3ffc05a5a91307e7640eff1d48da4",
                "sha256:c2ff24df02a125b7b346c4c9078c8936da06964cc2d276292c357d64378158f8",
                "sha256:c890728a93fffd0407d7d37c1e6083ff3f9f211c83b4316fae3778417eab9811",
                "sha256:c96472b8ca5dc135fb0aa62f79b033f02aa434fb03a8b190600a5ae4102df1fd",
                "sha256:ce7866f29d3025b5b34c2e944e66ebef0d92e4a4f2463f7266daa03a1332a651",
                "sha256:e26c993bd4b220429d4ec8c1468eca445a4064a61c74ca08da7429af9bc53bb0"
            ],
            "version": "==5.2.1"
        },
        "entrypoints": {
            "hashes": [
                "sha256:589f874b313739ad35be6e0cd7efde2a4e9b6fea91edcc34e58ecbb8dbe56d19",
                "sha256:c70dd71abe5a8c85e55e12c19bd91ccfeec11a6e99044204511f9ed547d48451"
            ],
            "version": "==0.3"
        },
        "flake8": {
            "hashes": [
                "sha256:45681a117ecc81e870cbf1262835ae4af5e7a8b08e40b944a8a6e6b895914cfb",
                "sha256:49356e766643ad15072a789a20915d3c91dc89fd313ccd71802303fd67e4deca"
            ],
            "index": "pypi",
            "version": "==3.7.9"
        },
        "idna": {
            "hashes": [
                "sha256:b307872f855b18632ce0c21c5e45be78c0ea7ae4c15c828c20788b26921eb3f6",
                "sha256:b97d804b1e9b523befed77c48dacec60e6dcb0b5391d57af6a65a312a90648c0"
            ],
            "version": "==2.10"
        },
        "iniconfig": {
            "hashes": [
                "sha256:aa0b40f50a00e72323cb5d41302f9c6165728fd764ac8822aa3fff00a40d56b4"
            ],
            "version": "==1.0.0"
        },
        "mccabe": {
            "hashes": [
                "sha256:ab8a6258860da4b6677da4bd2fe5dc2c659cff31b3ee4f7f5d64e79735b80d42",
                "sha256:dd8d182285a0fe56bace7f45b5e7d1a6ebcbf524e8f3bd87eb0f125271b8831f"
            ],
            "version": "==0.6.1"
        },
        "more-itertools": {
            "hashes": [
                "sha256:68c70cc7167bdf5c7c9d8f6954a7837089c6a36bf565383919bb595efb8a17e5",
                "sha256:b78134b2063dd214000685165d81c154522c3ee0a1c0d4d113c80361c234c5a2"
            ],
            "version": "==8.4.0"
        },
        "packaging": {
            "hashes": [
                "sha256:4357f74f47b9c12db93624a82154e9b120fa8293699949152b22065d556079f8",
                "sha256:998416ba6962ae7fbd6596850b80e17859a5753ba17c32284f67bfff33784181"
            ],
            "version": "==20.4"
        },
        "pluggy": {
            "hashes": [
                "sha256:15b2acde666561e1298d71b523007ed7364de07029219b604cf808bfa1c765b0",
                "sha256:966c145cd83c96502c3c3868f50408687b38434af77734af1e9ca461a4081d2d"
            ],
            "version": "==0.13.1"
        },
        "py": {
            "hashes": [
                "sha256:366389d1db726cd2fcfc79732e75410e5fe4d31db13692115529d34069a043c2",
                "sha256:9ca6883ce56b4e8da7e79ac18787889fa5206c79dcc67fb065376cd2fe03f342"
            ],
            "version": "==1.9.0"
        },
        "pycodestyle": {
            "hashes": [
                "sha256:95a2219d12372f05704562a14ec30bc76b05a5b297b21a5dfe3f6fac3491ae56",
                "sha256:e40a936c9a450ad81df37f549d676d127b1b66000a6c500caa2b085bc0ca976c"
            ],
            "version": "==2.5.0"
        },
        "pyflakes": {
            "hashes": [
                "sha256:17dbeb2e3f4d772725c777fabc446d5634d1038f234e77343108ce445ea69ce0",
                "sha256:d976835886f8c5b31d47970ed689944a0262b5f3afa00a5a7b4dc81e5449f8a2"
            ],
            "version": "==2.1.1"
        },
        "pyparsing": {
            "hashes": [
                "sha256:c203ec8783bf771a155b207279b9bccb8dea02d8f0c9e5f8ead507bc3246ecc1",
                "sha256:ef9d7589ef3c200abe66653d3f1ab1033c3c419ae9b9bdb1240a85b024efc88b"
            ],
            "version": "==2.4.7"
        },
        "pytest": {
            "hashes": [
                "sha256:869ec27f9b89964ccfe4fbdd5ccb8d3f285aaa3e9aa16a8491b9c8829148c230",
                "sha256:a64d8fb4c15cdc70dae047352e980a197d855747cc885eb332cb73ddcc769168"
            ],
            "version": "==6.0.0"
        },
        "pytest-cov": {
            "hashes": [
                "sha256:cc6742d8bac45070217169f5f72ceee1e0e55b0221f54bcf24845972d3a47f2b",
                "sha256:cdbdef4f870408ebdbfeb44e63e07eb18bb4619fae852f6e760645fa36172626"
            ],
            "index": "pypi",
            "version": "==2.8.1"
        },
        "requests": {
            "hashes": [
                "sha256:b3559a131db72c33ee969480840fff4bb6dd111de7dd27c8ee1f820f4f00231b",
                "sha256:fe75cc94a9443b9246fc7049224f75604b113c36acb93f87b80ed42c44cbb898"
            ],
            "version": "==2.24.0"
        },
        "six": {
            "hashes": [
                "sha256:30639c035cdb23534cd4aa2dd52c3bf48f06e5f4a941509c8bafd8ce11080259",
                "sha256:8b74bedcbbbaca38ff6d7491d76f2b06b3592611af620f8426e82dddb04a5ced"
            ],
            "version": "==1.15.0"
        },
        "toml": {
            "hashes": [
                "sha256:926b612be1e5ce0634a2ca03470f95169cf16f939018233a670519cb4ac58b0f",
                "sha256:bda89d5935c2eac546d648028b9901107a595863cb36bae0c73ac804a9b4ce88"
            ],
            "version": "==0.10.1"
        },
        "urllib3": {
            "hashes": [
                "sha256:91056c15fa70756691db97756772bb1eb9678fa585d9184f24534b100dc60f4a",
                "sha256:e7983572181f5e1522d9c98453462384ee92a0be7fac5f1413a1e35c56cc0461"
            ],
            "version": "==1.25.10"
        }
    }
}
